
Microsoft Visual Studio Solution File, Format Version 12.00
# Visual Studio Version 17
VisualStudioVersion = 17.2.32630.192
MinimumVisualStudioVersion = 10.0.40219.1
Project("{FAE04EC0-301F-11D3-BF4B-00C04F79EFBC}") = "CMS Shopping Cart", "CMS Shopping Cart.csproj", "{959D2F7D-B10B-4946-96D5-F7CCDE196A0F}"
EndProject
Global
	GlobalSection(SolutionConfigurationPlatforms) = preSolution
		Debug|Any CPU = Debug|Any CPU
		Release|Any CPU = Release|Any CPU
	EndGlobalSection
	GlobalSection(ProjectConfigurationPlatforms) = postSolution
		{959D2F7D-B10B-4946-96D5-F7CCDE196A0F}.Debug|Any CPU.ActiveCfg = Debug|Any CPU
		{959D2F7D-B10B-4946-96D5-F7CCDE196A0F}.Debug|Any CPU.Build.0 = Debug|Any CPU
		{959D2F7D-B10B-4946-96D5-F7CCDE196A0F}.Release|Any CPU.ActiveCfg = Release|Any CPU
		{959D2F7D-B10B-4946-96D5-F7CCDE196A0F}.Release|Any CPU.Build.0 = Release|Any CPU
	EndGlobalSection
	GlobalSection(SolutionProperties) = preSolution
		HideSolutionNode = FALSE
	EndGlobalSection
	GlobalSection(ExtensibilityGlobals) = postSolution
		SolutionGuid = {A467AEC6-E093-4400-B822-F334FBEE8F78}
	EndGlobalSection
EndGlobal
